// !$*UTF8*$!
{
	archiveVersion = 1;
	classes = {
	};
	objectVersion = 77;
	objects = {

/* Begin PBXBuildFile section */
		BFAA59B92E1D27510006AEAA /* Metal.framework in Frameworks */ = {isa = PBXBuildFile; fileRef = BFAA59B72E1D27510006AEAA /* Metal.framework */; };
		BFAA59BA2E1D27510006AEAA /* MetalKit.framework in Frameworks */ = {isa = PBXBuildFile; fileRef = BFAA59B82E1D27510006AEAA /* MetalKit.framework */; };
/* End PBXBuildFile section */

/* Begin PBXCopyFilesBuildPhase section */
		BFAAD97E2E1D3FE70006AEAA /* Embed Libraries */ = {
			isa = PBXCopyFilesBuildPhase;
			buildActionMask = 2147483647;
			dstPath = "";
			dstSubfolderSpec = 10;
			files = (
			);
			name = "Embed Libraries";
			runOnlyForDeploymentPostprocessing = 0;
		};
/* End PBXCopyFilesBuildPhase section */

/* Begin PBXFileReference section */
		BF0155722E1D530200994B91 /* OpenSplat.xcodeproj */ = {isa = PBXFileReference; lastKnownFileType = "wrapper.pb-project"; path = OpenSplat.xcodeproj; sourceTree = "<group>"; };
		BFAA27192E1D4B8B0006AEAA /* OpenSplat.xcodeproj */ = {isa = PBXFileReference; lastKnownFileType = "wrapper.pb-project"; path = OpenSplat.xcodeproj; sourceTree = "<group>"; };
		BFAA559E2E1D241F0006AEAA /* OpenSplatExe.app */ = {isa = PBXFileReference; explicitFileType = wrapper.application; includeInIndex = 0; path = OpenSplatExe.app; sourceTree = BUILT_PRODUCTS_DIR; };
		BFAA57E72E1D25500006AEAA /* OpenSplat.xcodeproj */ = {isa = PBXFileReference; lastKnownFileType = "wrapper.pb-project"; path = OpenSplat.xcodeproj; sourceTree = "<group>"; };
		BFAA59B72E1D27510006AEAA /* Metal.framework */ = {isa = PBXFileReference; lastKnownFileType = wrapper.framework; name = Metal.framework; path = Platforms/iPhoneOS.platform/Developer/SDKs/iPhoneOS18.0.sdk/System/Library/Frameworks/Metal.framework; sourceTree = DEVELOPER_DIR; };
		BFAA59B82E1D27510006AEAA /* MetalKit.framework */ = {isa = PBXFileReference; lastKnownFileType = wrapper.framework; name = MetalKit.framework; path = Platforms/iPhoneOS.platform/Developer/SDKs/iPhoneOS18.0.sdk/System/Library/Frameworks/MetalKit.framework; sourceTree = DEVELOPER_DIR; };
		BFAD08172E1E7C3300301BF0 /* OpenSplat.xcodeproj */ = {isa = PBXFileReference; lastKnownFileType = "wrapper.pb-project"; path = OpenSplat.xcodeproj; sourceTree = "<group>"; };
		BFAD8B182E21710200301BF0 /* OpenSplat.xcodeproj */ = {isa = PBXFileReference; lastKnownFileType = "wrapper.pb-project"; path = OpenSplat.xcodeproj; sourceTree = "<group>"; };
/* End PBXFileReference section */

/* Begin PBXFileSystemSynchronizedBuildFileExceptionSet section */
		BFAA59AA2E1D25890006AEAA /* Exceptions for "OpenSplat" folder in "OpenSplatExe" target */ = {
			isa = PBXFileSystemSynchronizedBuildFileExceptionSet;
			membershipExceptions = (
				colmap.cpp,
				cv_utils.cpp,
				input_data.cpp,
				kdtree_tensor.cpp,
				model.cpp,
				nerfstudio.cpp,
				openmvg.cpp,
				opensfm.cpp,
				opensplat.cpp,
				optim_scheduler.cpp,
				ply.cpp,
				point_io.cpp,
				project_gaussians.cpp,
				rasterize_gaussians.cpp,
				"rasterizer/gsplat-cpu/gsplat_cpu.cpp",
				"rasterizer/gsplat-metal/gsplat_metal.metal",
				"rasterizer/gsplat-metal/gsplat_metal.mm",
				spherical_harmonics.cpp,
				ssim.cpp,
				tensor_math.cpp,
				trainer_api.cpp,
				trainer_params.cpp,
				trainer.cpp,
				utils.cpp,
			);
			target = BFAA559D2E1D241F0006AEAA /* OpenSplatExe */;
		};
		BFAAD97C2E1D2A070006AEAA /* Exceptions for "libtorch-v2.7.1" folder in "OpenSplatExe" target */ = {
			isa = PBXFileSystemSynchronizedBuildFileExceptionSet;
			membershipExceptions = (
				lib/libc10.dylib,
				lib/libtorch_cpu.dylib,
				lib/libtorch.dylib,
			);
			target = BFAA559D2E1D241F0006AEAA /* OpenSplatExe */;
		};
/* End PBXFileSystemSynchronizedBuildFileExceptionSet section */

/* Begin PBXFileSystemSynchronizedGroupBuildPhaseMembershipExceptionSet section */
		BFAAD97F2E1D3FE70006AEAA /* Exceptions for "libtorch-v2.7.1" folder in "Embed Libraries" phase from "OpenSplatExe" target */ = {
			isa = PBXFileSystemSynchronizedGroupBuildPhaseMembershipExceptionSet;
			attributesByRelativePath = {
				lib/libc10.dylib = (CodeSignOnCopy, );
				lib/libtorch.dylib = (CodeSignOnCopy, );
				lib/libtorch_cpu.dylib = (CodeSignOnCopy, );
			};
			buildPhase = BFAAD97E2E1D3FE70006AEAA /* Embed Libraries */;
			membershipExceptions = (
				lib/libc10.dylib,
				lib/libtorch_cpu.dylib,
				lib/libtorch.dylib,
			);
		};
/* End PBXFileSystemSynchronizedGroupBuildPhaseMembershipExceptionSet section */

/* Begin PBXFileSystemSynchronizedRootGroup section */
		BFAA55B62E1D25090006AEAA /* AppleApp */ = {
			isa = PBXFileSystemSynchronizedRootGroup;
			path = AppleApp;
			sourceTree = "<group>";
		};
		BFAA55B82E1D253C0006AEAA /* OpenSplat */ = {
			isa = PBXFileSystemSynchronizedRootGroup;
			exceptions = (
				BFAA59AA2E1D25890006AEAA /* Exceptions for "OpenSplat" folder in "OpenSplatExe" target */,
			);
			name = OpenSplat;
			sourceTree = "<group>";
		};
		BFAAD9732E1D29640006AEAA /* libtorch-v2.7.1 */ = {
			isa = PBXFileSystemSynchronizedRootGroup;
			exceptions = (
				BFAAD97C2E1D2A070006AEAA /* Exceptions for "libtorch-v2.7.1" folder in "OpenSplatExe" target */,
				BFAAD97F2E1D3FE70006AEAA /* Exceptions for "libtorch-v2.7.1" folder in "Embed Libraries" phase from "OpenSplatExe" target */,
			);
			name = "libtorch-v2.7.1";
			path = "../PopOpenSplat/libtorch-v2.7.1";
			sourceTree = SOURCE_ROOT;
		};
/* End PBXFileSystemSynchronizedRootGroup section */

/* Begin PBXFrameworksBuildPhase section */
		BFAA559B2E1D241F0006AEAA /* Frameworks */ = {
			isa = PBXFrameworksBuildPhase;
			buildActionMask = 2147483647;
			files = (
				BFAA59B92E1D27510006AEAA /* Metal.framework in Frameworks */,
				BFAA59BA2E1D27510006AEAA /* MetalKit.framework in Frameworks */,
			);
			runOnlyForDeploymentPostprocessing = 0;
		};
/* End PBXFrameworksBuildPhase section */

/* Begin PBXGroup section */
		BF01558D2E1D530200994B91 /* Products */ = {
			isa = PBXGroup;
			name = Products;
			sourceTree = "<group>";
		};
		BFAA27322E1D4B8B0006AEAA /* Products */ = {
			isa = PBXGroup;
			name = Products;
			sourceTree = "<group>";
		};
		BFAA55952E1D241F0006AEAA = {
			isa = PBXGroup;
			children = (
				BFAA55B62E1D25090006AEAA /* AppleApp */,
				BFAA59B62E1D27510006AEAA /* Frameworks */,
				BFAAD9732E1D29640006AEAA /* libtorch-v2.7.1 */,
				BFAA55B82E1D253C0006AEAA /* OpenSplat */,
				BFAA559F2E1D241F0006AEAA /* Products */,
				BFAAD97A2E1D29C50006AEAA /* x */,
			);
			sourceTree = "<group>";
		};
		BFAA559F2E1D241F0006AEAA /* Products */ = {
			isa = PBXGroup;
			children = (
				BFAA559E2E1D241F0006AEAA /* OpenSplatExe.app */,
			);
			name = Products;
			sourceTree = "<group>";
		};
		BFAA57FE2E1D25500006AEAA /* Products */ = {
			isa = PBXGroup;
			name = Products;
			sourceTree = "<group>";
		};
		BFAA59B62E1D27510006AEAA /* Frameworks */ = {
			isa = PBXGroup;
			children = (
				BFAA59B72E1D27510006AEAA /* Metal.framework */,
				BFAA59B82E1D27510006AEAA /* MetalKit.framework */,
			);
			name = Frameworks;
			sourceTree = "<group>";
		};
		BFAAD97A2E1D29C50006AEAA /* x */ = {
			isa = PBXGroup;
			children = (
			);
			path = x;
			sourceTree = "<group>";
		};
		BFAD08322E1E7C3300301BF0 /* Products */ = {
			isa = PBXGroup;
			name = Products;
			sourceTree = "<group>";
		};
		BFAD8B372E21710200301BF0 /* Products */ = {
			isa = PBXGroup;
			name = Products;
			sourceTree = "<group>";
		};
/* End PBXGroup section */

/* Begin PBXNativeTarget section */
		BFAA559D2E1D241F0006AEAA /* OpenSplatExe */ = {
			isa = PBXNativeTarget;
			buildConfigurationList = BFAA55AD2E1D24200006AEAA /* Build configuration list for PBXNativeTarget "OpenSplatExe" */;
			buildPhases = (
				BFAA559A2E1D241F0006AEAA /* Sources */,
				BFAA559B2E1D241F0006AEAA /* Frameworks */,
				BFAA559C2E1D241F0006AEAA /* Resources */,
				BFAAD97E2E1D3FE70006AEAA /* Embed Libraries */,
			);
			buildRules = (
			);
			dependencies = (
			);
			name = OpenSplatExe;
			packageProductDependencies = (
			);
			productName = OpenSplat;
			productReference = BFAA559E2E1D241F0006AEAA /* OpenSplatExe.app */;
			productType = "com.apple.product-type.application";
		};
/* End PBXNativeTarget section */

/* Begin PBXProject section */
		BFAA55962E1D241F0006AEAA /* Project object */ = {
			isa = PBXProject;
			attributes = {
				BuildIndependentTargetsInParallel = 1;
				LastSwiftUpdateCheck = 1600;
				LastUpgradeCheck = 1600;
				TargetAttributes = {
					BFAA559D2E1D241F0006AEAA = {
						CreatedOnToolsVersion = 16.0;
						LastSwiftMigration = 1600;
					};
				};
			};
			buildConfigurationList = BFAA55992E1D241F0006AEAA /* Build configuration list for PBXProject "OpenSplat" */;
			developmentRegion = en;
			hasScannedForEncodings = 0;
			knownRegions = (
				en,
				Base,
			);
			mainGroup = BFAA55952E1D241F0006AEAA;
			minimizedProjectReferenceProxies = 1;
			preferredProjectObjectVersion = 77;
			productRefGroup = BFAA559F2E1D241F0006AEAA /* Products */;
			projectDirPath = "";
			projectReferences = (
				{
					ProductGroup = BF01558D2E1D530200994B91 /* Products */;
					ProjectRef = BF0155722E1D530200994B91 /* OpenSplat.xcodeproj */;
				},
				{
					ProductGroup = BFAA27322E1D4B8B0006AEAA /* Products */;
					ProjectRef = BFAA27192E1D4B8B0006AEAA /* OpenSplat.xcodeproj */;
				},
				{
					ProductGroup = BFAD08322E1E7C3300301BF0 /* Products */;
					ProjectRef = BFAD08172E1E7C3300301BF0 /* OpenSplat.xcodeproj */;
				},
				{
					ProductGroup = BFAA57FE2E1D25500006AEAA /* Products */;
					ProjectRef = BFAA57E72E1D25500006AEAA /* OpenSplat.xcodeproj */;
				},
				{
					ProductGroup = BFAD8B372E21710200301BF0 /* Products */;
					ProjectRef = BFAD8B182E21710200301BF0 /* OpenSplat.xcodeproj */;
				},
			);
			projectRoot = "";
			targets = (
				BFAA559D2E1D241F0006AEAA /* OpenSplatExe */,
			);
		};
/* End PBXProject section */

/* Begin PBXResourcesBuildPhase section */
		BFAA559C2E1D241F0006AEAA /* Resources */ = {
			isa = PBXResourcesBuildPhase;
			buildActionMask = 2147483647;
			files = (
			);
			runOnlyForDeploymentPostprocessing = 0;
		};
/* End PBXResourcesBuildPhase section */

/* Begin PBXSourcesBuildPhase section */
		BFAA559A2E1D241F0006AEAA /* Sources */ = {
			isa = PBXSourcesBuildPhase;
			buildActionMask = 2147483647;
			files = (
			);
			runOnlyForDeploymentPostprocessing = 0;
		};
/* End PBXSourcesBuildPhase section */

/* Begin XCBuildConfiguration section */
		BFAA55AB2E1D24200006AEAA /* Debug */ = {
			isa = XCBuildConfiguration;
			baseConfigurationReferenceAnchor = BFAA55B62E1D25090006AEAA /* AppleApp */;
			baseConfigurationReferenceRelativePath = OpenSplat.xcconfig;
			buildSettings = {
				ALWAYS_SEARCH_USER_PATHS = NO;
				ASSETCATALOG_COMPILER_GENERATE_SWIFT_ASSET_SYMBOL_EXTENSIONS = YES;
				CLANG_ANALYZER_NONNULL = YES;
				CLANG_ANALYZER_NUMBER_OBJECT_CONVERSION = YES_AGGRESSIVE;
				CLANG_CXX_LANGUAGE_STANDARD = "gnu++20";
				CLANG_ENABLE_MODULES = YES;
				CLANG_ENABLE_OBJC_WEAK = YES;
				CLANG_WARN_BLOCK_CAPTURE_AUTORELEASING = YES;
				CLANG_WARN_BOOL_CONVERSION = YES;
				CLANG_WARN_COMMA = YES;
				CLANG_WARN_CONSTANT_CONVERSION = YES;
				CLANG_WARN_DEPRECATED_OBJC_IMPLEMENTATIONS = YES;
				CLANG_WARN_DIRECT_OBJC_ISA_USAGE = YES_ERROR;
				CLANG_WARN_DOCUMENTATION_COMMENTS = YES;
				CLANG_WARN_EMPTY_BODY = YES;
				CLANG_WARN_ENUM_CONVERSION = YES;
				CLANG_WARN_INFINITE_RECURSION = YES;
				CLANG_WARN_INT_CONVERSION = YES;
				CLANG_WARN_NON_LITERAL_NULL_CONVERSION = YES;
				CLANG_WARN_OBJC_IMPLICIT_RETAIN_SELF = YES;
				CLANG_WARN_OBJC_LITERAL_CONVERSION = YES;
				CLANG_WARN_OBJC_ROOT_CLASS = YES_ERROR;
				CLANG_WARN_QUOTED_INCLUDE_IN_FRAMEWORK_HEADER = YES;
				CLANG_WARN_RANGE_LOOP_ANALYSIS = YES;
				CLANG_WARN_STRICT_PROTOTYPES = YES;
				CLANG_WARN_SUSPICIOUS_MOVE = YES;
				CLANG_WARN_UNGUARDED_AVAILABILITY = YES_AGGRESSIVE;
				CLANG_WARN_UNREACHABLE_CODE = YES;
				CLANG_WARN__DUPLICATE_METHOD_MATCH = YES;
				COPY_PHASE_STRIP = NO;
				DEBUG_INFORMATION_FORMAT = dwarf;
				ENABLE_STRICT_OBJC_MSGSEND = YES;
				ENABLE_TESTABILITY = YES;
				ENABLE_USER_SCRIPT_SANDBOXING = YES;
				GCC_C_LANGUAGE_STANDARD = gnu17;
				GCC_DYNAMIC_NO_PIC = NO;
				GCC_NO_COMMON_BLOCKS = YES;
				GCC_OPTIMIZATION_LEVEL = 0;
				GCC_PREPROCESSOR_DEFINITIONS = (
					"DEBUG=1",
					"$(inherited)",
				);
				GCC_WARN_64_TO_32_BIT_CONVERSION = YES;
				GCC_WARN_ABOUT_RETURN_TYPE = YES_ERROR;
				GCC_WARN_UNDECLARED_SELECTOR = YES;
				GCC_WARN_UNINITIALIZED_AUTOS = YES_AGGRESSIVE;
				GCC_WARN_UNUSED_FUNCTION = YES;
				GCC_WARN_UNUSED_VARIABLE = YES;
				LOCALIZATION_PREFERS_STRING_CATALOGS = YES;
				MODULE_VERIFIER_SUPPORTED_LANGUAGE_STANDARDS = "";
				MTL_ENABLE_DEBUG_INFO = INCLUDE_SOURCE;
				MTL_FAST_MATH = YES;
				ONLY_ACTIVE_ARCH = YES;
				SWIFT_ACTIVE_COMPILATION_CONDITIONS = "DEBUG $(inherited)";
				SWIFT_OPTIMIZATION_LEVEL = "-Onone";
			};
			name = Debug;
		};
		BFAA55AC2E1D24200006AEAA /* Release */ = {
			isa = XCBuildConfiguration;
			baseConfigurationReferenceAnchor = BFAA55B62E1D25090006AEAA /* AppleApp */;
			baseConfigurationReferenceRelativePath = OpenSplat.xcconfig;
			buildSettings = {
				ALWAYS_SEARCH_USER_PATHS = NO;
				ASSETCATALOG_COMPILER_GENERATE_SWIFT_ASSET_SYMBOL_EXTENSIONS = YES;
				CLANG_ANALYZER_NONNULL = YES;
				CLANG_ANALYZER_NUMBER_OBJECT_CONVERSION = YES_AGGRESSIVE;
				CLANG_CXX_LANGUAGE_STANDARD = "gnu++20";
				CLANG_ENABLE_MODULES = YES;
				CLANG_ENABLE_OBJC_WEAK = YES;
				CLANG_WARN_BLOCK_CAPTURE_AUTORELEASING = YES;
				CLANG_WARN_BOOL_CONVERSION = YES;
				CLANG_WARN_COMMA = YES;
				CLANG_WARN_CONSTANT_CONVERSION = YES;
				CLANG_WARN_DEPRECATED_OBJC_IMPLEMENTATIONS = YES;
				CLANG_WARN_DIRECT_OBJC_ISA_USAGE = YES_ERROR;
				CLANG_WARN_DOCUMENTATION_COMMENTS = YES;
				CLANG_WARN_EMPTY_BODY = YES;
				CLANG_WARN_ENUM_CONVERSION = YES;
				CLANG_WARN_INFINITE_RECURSION = YES;
				CLANG_WARN_INT_CONVERSION = YES;
				CLANG_WARN_NON_LITERAL_NULL_CONVERSION = YES;
				CLANG_WARN_OBJC_IMPLICIT_RETAIN_SELF = YES;
				CLANG_WARN_OBJC_LITERAL_CONVERSION = YES;
				CLANG_WARN_OBJC_ROOT_CLASS = YES_ERROR;
				CLANG_WARN_QUOTED_INCLUDE_IN_FRAMEWORK_HEADER = YES;
				CLANG_WARN_RANGE_LOOP_ANALYSIS = YES;
				CLANG_WARN_STRICT_PROTOTYPES = YES;
				CLANG_WARN_SUSPICIOUS_MOVE = YES;
				CLANG_WARN_UNGUARDED_AVAILABILITY = YES_AGGRESSIVE;
				CLANG_WARN_UNREACHABLE_CODE = YES;
				CLANG_WARN__DUPLICATE_METHOD_MATCH = YES;
				COPY_PHASE_STRIP = NO;
				DEBUG_INFORMATION_FORMAT = "dwarf-with-dsym";
				ENABLE_NS_ASSERTIONS = NO;
				ENABLE_STRICT_OBJC_MSGSEND = YES;
				ENABLE_USER_SCRIPT_SANDBOXING = YES;
				GCC_C_LANGUAGE_STANDARD = gnu17;
				GCC_NO_COMMON_BLOCKS = YES;
				GCC_WARN_64_TO_32_BIT_CONVERSION = YES;
				GCC_WARN_ABOUT_RETURN_TYPE = YES_ERROR;
				GCC_WARN_UNDECLARED_SELECTOR = YES;
				GCC_WARN_UNINITIALIZED_AUTOS = YES_AGGRESSIVE;
				GCC_WARN_UNUSED_FUNCTION = YES;
				GCC_WARN_UNUSED_VARIABLE = YES;
				LOCALIZATION_PREFERS_STRING_CATALOGS = YES;
				MODULE_VERIFIER_SUPPORTED_LANGUAGE_STANDARDS = "";
				MTL_ENABLE_DEBUG_INFO = NO;
				MTL_FAST_MATH = YES;
				SWIFT_COMPILATION_MODE = wholemodule;
			};
			name = Release;
		};
		BFAA55AE2E1D24200006AEAA /* Debug */ = {
			isa = XCBuildConfiguration;
			buildSettings = {
				ASSETCATALOG_COMPILER_APPICON_NAME = AppIcon;
				ASSETCATALOG_COMPILER_GLOBAL_ACCENT_COLOR_NAME = AccentColor;
				CLANG_ENABLE_MODULES = YES;
				CODE_SIGN_ENTITLEMENTS = AppleApp/OpenSplat.entitlements;
				CODE_SIGN_STYLE = Automatic;
				CURRENT_PROJECT_VERSION = 1;
				DEVELOPMENT_TEAM = X52DR36JY2;
				ENABLE_HARDENED_RUNTIME = YES;
				ENABLE_PREVIEWS = YES;
				GENERATE_INFOPLIST_FILE = YES;
				"INFOPLIST_KEY_UIApplicationSceneManifest_Generation[sdk=iphoneos*]" = YES;
				"INFOPLIST_KEY_UIApplicationSceneManifest_Generation[sdk=iphonesimulator*]" = YES;
				"INFOPLIST_KEY_UIApplicationSupportsIndirectInputEvents[sdk=iphoneos*]" = YES;
				"INFOPLIST_KEY_UIApplicationSupportsIndirectInputEvents[sdk=iphonesimulator*]" = YES;
				"INFOPLIST_KEY_UILaunchScreen_Generation[sdk=iphoneos*]" = YES;
				"INFOPLIST_KEY_UILaunchScreen_Generation[sdk=iphonesimulator*]" = YES;
				"INFOPLIST_KEY_UIStatusBarStyle[sdk=iphoneos*]" = UIStatusBarStyleDefault;
				"INFOPLIST_KEY_UIStatusBarStyle[sdk=iphonesimulator*]" = UIStatusBarStyleDefault;
				INFOPLIST_KEY_UISupportedInterfaceOrientations_iPad = "UIInterfaceOrientationPortrait UIInterfaceOrientationPortraitUpsideDown UIInterfaceOrientationLandscapeLeft UIInterfaceOrientationLandscapeRight";
				INFOPLIST_KEY_UISupportedInterfaceOrientations_iPhone = "UIInterfaceOrientationPortrait UIInterfaceOrientationLandscapeLeft UIInterfaceOrientationLandscapeRight";
				IPHONEOS_DEPLOYMENT_TARGET = 18.0;
				LD_RUNPATH_SEARCH_PATHS = "@executable_path/Frameworks";
				"LD_RUNPATH_SEARCH_PATHS[sdk=macosx*]" = "@executable_path/../Frameworks";
				LIBRARY_SEARCH_PATHS = (
					"$(inherited)",
					"$(PROJECT_DIR)/build",
				);
				MACOSX_DEPLOYMENT_TARGET = 15.0;
				MARKETING_VERSION = 1.0;
				PRODUCT_BUNDLE_IDENTIFIER = com.newchromantics.OpenSplat;
				PRODUCT_NAME = "$(TARGET_NAME)";
				SDKROOT = auto;
				SUPPORTED_PLATFORMS = "iphoneos iphonesimulator macosx xros xrsimulator";
				SWIFT_EMIT_LOC_STRINGS = YES;
				SWIFT_OPTIMIZATION_LEVEL = "-Onone";
				SWIFT_VERSION = 5.0;
				TARGETED_DEVICE_FAMILY = "1,2,7";
				XROS_DEPLOYMENT_TARGET = 2.0;
			};
			name = Debug;
		};
		BFAA55AF2E1D24200006AEAA /* Release */ = {
			isa = XCBuildConfiguration;
			buildSettings = {
				ASSETCATALOG_COMPILER_APPICON_NAME = AppIcon;
				ASSETCATALOG_COMPILER_GLOBAL_ACCENT_COLOR_NAME = AccentColor;
				CLANG_ENABLE_MODULES = YES;
				CODE_SIGN_ENTITLEMENTS = AppleApp/OpenSplat.entitlements;
				CODE_SIGN_STYLE = Automatic;
				CURRENT_PROJECT_VERSION = 1;
				DEVELOPMENT_TEAM = X52DR36JY2;
				ENABLE_HARDENED_RUNTIME = YES;
				ENABLE_PREVIEWS = YES;
				GENERATE_INFOPLIST_FILE = YES;
				"INFOPLIST_KEY_UIApplicationSceneManifest_Generation[sdk=iphoneos*]" = YES;
				"INFOPLIST_KEY_UIApplicationSceneManifest_Generation[sdk=iphonesimulator*]" = YES;
				"INFOPLIST_KEY_UIApplicationSupportsIndirectInputEvents[sdk=iphoneos*]" = YES;
				"INFOPLIST_KEY_UIApplicationSupportsIndirectInputEvents[sdk=iphonesimulator*]" = YES;
				"INFOPLIST_KEY_UILaunchScreen_Generation[sdk=iphoneos*]" = YES;
				"INFOPLIST_KEY_UILaunchScreen_Generation[sdk=iphonesimulator*]" = YES;
				"INFOPLIST_KEY_UIStatusBarStyle[sdk=iphoneos*]" = UIStatusBarStyleDefault;
				"INFOPLIST_KEY_UIStatusBarStyle[sdk=iphonesimulator*]" = UIStatusBarStyleDefault;
				INFOPLIST_KEY_UISupportedInterfaceOrientations_iPad = "UIInterfaceOrientationPortrait UIInterfaceOrientationPortraitUpsideDown UIInterfaceOrientationLandscapeLeft UIInterfaceOrientationLandscapeRight";
				INFOPLIST_KEY_UISupportedInterfaceOrientations_iPhone = "UIInterfaceOrientationPortrait UIInterfaceOrientationLandscapeLeft UIInterfaceOrientationLandscapeRight";
				IPHONEOS_DEPLOYMENT_TARGET = 18.0;
				LD_RUNPATH_SEARCH_PATHS = "@executable_path/Frameworks";
				"LD_RUNPATH_SEARCH_PATHS[sdk=macosx*]" = "@executable_path/../Frameworks";
				LIBRARY_SEARCH_PATHS = (
					"$(inherited)",
					"$(PROJECT_DIR)/build",
				);
				MACOSX_DEPLOYMENT_TARGET = 15.0;
				MARKETING_VERSION = 1.0;
				PRODUCT_BUNDLE_IDENTIFIER = com.newchromantics.OpenSplat;
				PRODUCT_NAME = "$(TARGET_NAME)";
				SDKROOT = auto;
				SUPPORTED_PLATFORMS = "iphoneos iphonesimulator macosx xros xrsimulator";
				SWIFT_EMIT_LOC_STRINGS = YES;
				SWIFT_VERSION = 5.0;
				TARGETED_DEVICE_FAMILY = "1,2,7";
				XROS_DEPLOYMENT_TARGET = 2.0;
			};
			name = Release;
		};
/* End XCBuildConfiguration section */

/* Begin XCConfigurationList section */
		BFAA55992E1D241F0006AEAA /* Build configuration list for PBXProject "OpenSplat" */ = {
			isa = XCConfigurationList;
			buildConfigurations = (
				BFAA55AB2E1D24200006AEAA /* Debug */,
				BFAA55AC2E1D24200006AEAA /* Release */,
			);
			defaultConfigurationIsVisible = 0;
			defaultConfigurationName = Release;
		};
		BFAA55AD2E1D24200006AEAA /* Build configuration list for PBXNativeTarget "OpenSplatExe" */ = {
			isa = XCConfigurationList;
			buildConfigurations = (
				BFAA55AE2E1D24200006AEAA /* Debug */,
				BFAA55AF2E1D24200006AEAA /* Release */,
			);
			defaultConfigurationIsVisible = 0;
			defaultConfigurationName = Release;
		};
/* End XCConfigurationList section */
	};
	rootObject = BFAA55962E1D241F0006AEAA /* Project object */;
}
